github.com/FortAwesome/Font-Awesome v0.0.0-20191210225213-d8db3d032d22 h1:vs/jwNkORxR5/FhLCy871sYAC4kWrBXg7/K35SCtjC0=
github.com/FortAwesome/Font-Awesome v0.0.0-20191210225213-d8db3d032d22/go.mod h1:IUgezN/MFpCDIlFezw3L8j83oeiIuYoj28Miwr/KUYo=
github.com/alpinejs/alpine v2.1.0+incompatible/go.mod h1:BKI81egATMnaKqFeX5HEfYMnjZjcjcZmrYAu5Nck+EY=
github.com/alpinejs/alpine v2.2.3+incompatible/go.mod h1:BKI81egATMnaKqFeX5HEfYMnjZjcjcZmrYAu5Nck+EY=
github.com/bep/hugo-jslibs v0.0.0-20200330174857-4b120648aded h1:RJ6WSo+sSxsW8nO+uLjmidrFXo2e6USii+134Tyf1S4=
github.com/bep/hugo-jslibs/alpinejs v0.5.0 h1:8hLPRB231M3/VLt9DVhNnHpaGBiXMhwVCFYlz3ysOFY=
github.com/bep/hugo-jslibs/alpinejs v0.5.0/go.mod h1:wf9mgCTM9hqiEzNBKaS1F/uFxlX5joZ29Jk/qsrGJKA=
github.com/bep/hugo-jslibs/alpinejs v0.5.5 h1:1EgYtPWCe0nOH5vX19wZigLvSmvY2CjK0kUmTuNkF/o=
github.com/bep/hugo-jslibs/alpinejs v0.5.5/go.mod h1:tcf0z/jhLaVl/AevbbcRQUJ7EkrVt/A2y3+VY1ZPoIw=
github.com/bep/hugo-jslibs/turbolinks v0.1.0 h1:GC8uyvyKGyQVfUgRGno7GiWU+4dGrcP3/snQv//5FEk=
github.com/bep/hugo-jslibs/turbolinks v0.1.0/go.mod h1:CQHa51PjmF5gavvhS3JKSE9ywo8h7QgOj3D88ry6qu0=
github.com/bep/portable-hugo-links v0.5.3 h1:JYuXkKycDMmkcmQMnQyRKal4s8h72GVpXISRxyOWMyA=
github.com/bep/portable-hugo-links v0.5.3/go.mod h1:THWnsWZWDsb4mF//7zPGPngV3N7HIOvIydJLClUvMRU=
github.com/jgthms/bulma v0.0.0-20200122092039-1d95fd94de16 h1:gwbeoXedTE5hkeVdqPNUEWBN3wluQkMkIR7k7UMtesU=
github.com/jgthms/bulma v0.0.0-20200122092039-1d95fd94de16/go.mod h1:89FLBKXYFKfOKAoDeUT26V0pHGwzr205cMXAEqtAVOI=
github.com/turbolinks/turbolinks-source-gem v5.2.0+incompatible/go.mod h1:Cl0Br9tUXkQvxumVNGTvyaa7dqpFC2kPMrsS0Ttc94U=
