github.com/FortAwesome/Font-Awesome v0.0.0-20191210225213-d8db3d032d22 h1:vs/jwNkORxR5/FhLCy871sYAC4kWrBXg7/K35SCtjC0=
github.com/FortAwesome/Font-Awesome v0.0.0-20191210225213-d8db3d032d22/go.mod h1:IUgezN/MFpCDIlFezw3L8j83oeiIuYoj28Miwr/KUYo=
github.com/bep/portable-hugo-links v0.5.3 h1:JYuXkKycDMmkcmQMnQyRKal4s8h72GVpXISRxyOWMyA=
github.com/bep/portable-hugo-links v0.5.3/go.mod h1:THWnsWZWDsb4mF//7zPGPngV3N7HIOvIydJLClUvMRU=
github.com/gohugoio/hugo-mod-jslibs/alpinejs/v3 v3.0.0-20210902104917-6597e987c7ba h1:VSjxYmx9+2g9yuYuoCsHBRs+v06RgOBuZsxtVKmsW7E=
github.com/gohugoio/hugo-mod-jslibs/alpinejs/v3 v3.0.0-20210902104917-6597e987c7ba/go.mod h1:dhmkcA84ldPv2L42BflbmE8jv7grXnQTUGxJc4XHBTk=
github.com/jgthms/bulma v0.0.0-20210828105430-67ab02b2890d h1:Mlp9/N0fRpb7Bw1nqvCmtGZRmrvbvwlHEZX6kOr2+Wk=
github.com/jgthms/bulma v0.0.0-20210828105430-67ab02b2890d/go.mod h1:89FLBKXYFKfOKAoDeUT26V0pHGwzr205cMXAEqtAVOI=
github.com/vuejs/vue-next v3.0.2+incompatible h1:E8pORTa7zVeWrX3GxUNLK1QnnDh/SmRvc9KDahPpeF8=
github.com/vuejs/vue-next v3.0.2+incompatible/go.mod h1:ulo1XhaHAZB/k6wzZ6YaorEhSLNaoVQeLD/3heptfQQ=
