{
	"name": "hugo-alpine-test",
	"lockfileVersion": 2,
	"requires": true,
	"packages": {
		"": {
			"devDependencies": {
				"@vue/reactivity": "^3.2.6"
			}
		},
		"node_modules/@vue/reactivity": {
			"version": "3.2.6",
			"resolved": "https://registry.npmjs.org/@vue/reactivity/-/reactivity-3.2.6.tgz",
			"integrity": "sha512-8vIDD2wpCnYisNNZjmcIj+Rixn0uhZNY3G1vzlgdVdLygeRSuFjkmnZk6WwvGzUWpKfnG0e/NUySM3mVi59hAA==",
			"dev": true,
			"dependencies": {
				"@vue/shared": "3.2.6"
			}
		},
		"node_modules/@vue/shared": {
			"version": "3.2.6",
			"resolved": "https://registry.npmjs.org/@vue/shared/-/shared-3.2.6.tgz",
			"integrity": "sha512-uwX0Qs2e6kdF+WmxwuxJxOnKs/wEkMArtYpHSm7W+VY/23Tl8syMRyjnzEeXrNCAP0/8HZxEGkHJsjPEDNRuHw==",
			"dev": true
		}
	},
	"dependencies": {
		"@vue/reactivity": {
			"version": "3.2.6",
			"resolved": "https://registry.npmjs.org/@vue/reactivity/-/reactivity-3.2.6.tgz",
			"integrity": "sha512-8vIDD2wpCnYisNNZjmcIj+Rixn0uhZNY3G1vzlgdVdLygeRSuFjkmnZk6WwvGzUWpKfnG0e/NUySM3mVi59hAA==",
			"dev": true,
			"requires": {
				"@vue/shared": "3.2.6"
			}
		},
		"@vue/shared": {
			"version": "3.2.6",
			"resolved": "https://registry.npmjs.org/@vue/shared/-/shared-3.2.6.tgz",
			"integrity": "sha512-uwX0Qs2e6kdF+WmxwuxJxOnKs/wEkMArtYpHSm7W+VY/23Tl8syMRyjnzEeXrNCAP0/8HZxEGkHJsjPEDNRuHw==",
			"dev": true
		}
	}
}
