{
  "name": "hugo-alpine-test",
  "lockfileVersion": 2,
  "requires": true,
  "packages": {
    "": {
      "devDependencies": {
        "alpinejs": "^3.2.4"
      }
    },
    "node_modules/@vue/reactivity": {
      "version": "3.2.6",
      "resolved": "https://registry.npmjs.org/@vue/reactivity/-/reactivity-3.2.6.tgz",
      "integrity": "sha512-8vIDD2wpCnYisNNZjmcIj+Rixn0uhZNY3G1vzlgdVdLygeRSuFjkmnZk6WwvGzUWpKfnG0e/NUySM3mVi59hAA==",
      "dev": true,
      "dependencies": {
        "@vue/shared": "3.2.6"
      }
    },
    "node_modules/@vue/shared": {
      "version": "3.2.6",
      "resolved": "https://registry.npmjs.org/@vue/shared/-/shared-3.2.6.tgz",
      "integrity": "sha512-uwX0Qs2e6kdF+WmxwuxJxOnKs/wEkMArtYpHSm7W+VY/23Tl8syMRyjnzEeXrNCAP0/8HZxEGkHJsjPEDNRuHw==",
      "dev": true
    },
    "node_modules/alpinejs": {
      "version": "3.2.4",
      "resolved": "https://registry.npmjs.org/alpinejs/-/alpinejs-3.2.4.tgz",
      "integrity": "sha512-nUHI7QarOyqFX1vKTP5MC54yBFh9/J+YyxE50aP3lb6aZGxwX0HIPGVuAwy2SXQFP45P4/jKHv1LOuvRp/etiQ==",
      "dev": true,
      "dependencies": {
        "@vue/reactivity": "^3.0.2"
      }
    }
  },
  "dependencies": {
    "@vue/reactivity": {
      "version": "3.2.6",
      "resolved": "https://registry.npmjs.org/@vue/reactivity/-/reactivity-3.2.6.tgz",
      "integrity": "sha512-8vIDD2wpCnYisNNZjmcIj+Rixn0uhZNY3G1vzlgdVdLygeRSuFjkmnZk6WwvGzUWpKfnG0e/NUySM3mVi59hAA==",
      "dev": true,
      "requires": {
        "@vue/shared": "3.2.6"
      }
    },
    "@vue/shared": {
      "version": "3.2.6",
      "resolved": "https://registry.npmjs.org/@vue/shared/-/shared-3.2.6.tgz",
      "integrity": "sha512-uwX0Qs2e6kdF+WmxwuxJxOnKs/wEkMArtYpHSm7W+VY/23Tl8syMRyjnzEeXrNCAP0/8HZxEGkHJsjPEDNRuHw==",
      "dev": true
    },
    "alpinejs": {
      "version": "3.2.4",
      "resolved": "https://registry.npmjs.org/alpinejs/-/alpinejs-3.2.4.tgz",
      "integrity": "sha512-nUHI7QarOyqFX1vKTP5MC54yBFh9/J+YyxE50aP3lb6aZGxwX0HIPGVuAwy2SXQFP45P4/jKHv1LOuvRp/etiQ==",
      "dev": true,
      "requires": {
        "@vue/reactivity": "^3.0.2"
      }
    }
  }
}
